// !$*UTF8*$!
{
	archiveVersion = 1;
	classes = {
	};
	objectVersion = 50;
	objects = {

/* Begin PBXBuildFile section */
		1FBE036926404B5C00B92141 /* AppDelegate.swift in Sources */ = {isa = PBXBuildFile; fileRef = 1FBE036826404B5C00B92141 /* AppDelegate.swift */; };
		1FBE036B26404B5C00B92141 /* SceneDelegate.swift in Sources */ = {isa = PBXBuildFile; fileRef = 1FBE036A26404B5C00B92141 /* SceneDelegate.swift */; };
		1FBE036D26404B5C00B92141 /* ViewController.swift in Sources */ = {isa = PBXBuildFile; fileRef = 1FBE036C26404B5C00B92141 /* ViewController.swift */; };
		1FBE037026404B5C00B92141 /* Main.storyboard in Resources */ = {isa = PBXBuildFile; fileRef = 1FBE036E26404B5C00B92141 /* Main.storyboard */; };
		1FBE037226404B5E00B92141 /* Assets.xcassets in Resources */ = {isa = PBXBuildFile; fileRef = 1FBE037126404B5E00B92141 /* Assets.xcassets */; };
		1FBE037526404B5E00B92141 /* LaunchScreen.storyboard in Resources */ = {isa = PBXBuildFile; fileRef = 1FBE037326404B5E00B92141 /* LaunchScreen.storyboard */; };
		1FBE037D26404BCC00B92141 /* ImageViewCVCell.swift in Sources */ = {isa = PBXBuildFile; fileRef = 1FBE037C26404BCC00B92141 /* ImageViewCVCell.swift */; };
/* End PBXBuildFile section */

/* Begin PBXFileReference section */
		1FBE036526404B5C00B92141 /* puzzle_vis.app */ = {isa = PBXFileReference; explicitFileType = wrapper.application; includeInIndex = 0; path = puzzle_vis.app; sourceTree = BUILT_PRODUCTS_DIR; };
		1FBE036826404B5C00B92141 /* AppDelegate.swift */ = {isa = PBXFileReference; lastKnownFileType = sourcecode.swift; path = AppDelegate.swift; sourceTree = "<group>"; };
		1FBE036A26404B5C00B92141 /* SceneDelegate.swift */ = {isa = PBXFileReference; lastKnownFileType = sourcecode.swift; path = SceneDelegate.swift; sourceTree = "<group>"; };
		1FBE036C26404B5C00B92141 /* ViewController.swift */ = {isa = PBXFileReference; lastKnownFileType = sourcecode.swift; path = ViewController.swift; sourceTree = "<group>"; };
		1FBE036F26404B5C00B92141 /* Base */ = {isa = PBXFileReference; lastKnownFileType = file.storyboard; name = Base; path = Base.lproj/Main.storyboard; sourceTree = "<group>"; };
		1FBE037126404B5E00B92141 /* Assets.xcassets */ = {isa = PBXFileReference; lastKnownFileType = folder.assetcatalog; path = Assets.xcassets; sourceTree = "<group>"; };
		1FBE037426404B5E00B92141 /* Base */ = {isa = PBXFileReference; lastKnownFileType = file.storyboard; name = Base; path = Base.lproj/LaunchScreen.storyboard; sourceTree = "<group>"; };
		1FBE037626404B5E00B92141 /* Info.plist */ = {isa = PBXFileReference; lastKnownFileType = text.plist.xml; path = Info.plist; sourceTree = "<group>"; };
		1FBE037C26404BCC00B92141 /* ImageViewCVCell.swift */ = {isa = PBXFileReference; lastKnownFileType = sourcecode.swift; path = ImageViewCVCell.swift; sourceTree = "<group>"; };
/* End PBXFileReference section */

/* Begin PBXFrameworksBuildPhase section */
		1FBE036226404B5C00B92141 /* Frameworks */ = {
			isa = PBXFrameworksBuildPhase;
			buildActionMask = 2147483647;
			files = (
			);
			runOnlyForDeploymentPostprocessing = 0;
		};
/* End PBXFrameworksBuildPhase section */

/* Begin PBXGroup section */
		1FBE035C26404B5C00B92141 = {
			isa = PBXGroup;
			children = (
				1FBE036726404B5C00B92141 /* puzzle_vis */,
				1FBE036626404B5C00B92141 /* Products */,
			);
			sourceTree = "<group>";
		};
		1FBE036626404B5C00B92141 /* Products */ = {
			isa = PBXGroup;
			children = (
				1FBE036526404B5C00B92141 /* puzzle_vis.app */,
			);
			name = Products;
			sourceTree = "<group>";
		};
		1FBE036726404B5C00B92141 /* puzzle_vis */ = {
			isa = PBXGroup;
			children = (
				1FBE036826404B5C00B92141 /* AppDelegate.swift */,
				1FBE037C26404BCC00B92141 /* ImageViewCVCell.swift */,
				1FBE036A26404B5C00B92141 /* SceneDelegate.swift */,
				1FBE036C26404B5C00B92141 /* ViewController.swift */,
				1FBE036E26404B5C00B92141 /* Main.storyboard */,
				1FBE037126404B5E00B92141 /* Assets.xcassets */,
				1FBE037326404B5E00B92141 /* LaunchScreen.storyboard */,
				1FBE037626404B5E00B92141 /* Info.plist */,
			);
			path = puzzle_vis;
			sourceTree = "<group>";
		};
/* End PBXGroup section */

/* Begin PBXNativeTarget section */
		1FBE036426404B5C00B92141 /* puzzle_vis */ = {
			isa = PBXNativeTarget;
			buildConfigurationList = 1FBE037926404B5E00B92141 /* Build configuration list for PBXNativeTarget "puzzle_vis" */;
			buildPhases = (
				1FBE036126404B5C00B92141 /* Sources */,
				1FBE036226404B5C00B92141 /* Frameworks */,
				1FBE036326404B5C00B92141 /* Resources */,
			);
			buildRules = (
			);
			dependencies = (
			);
			name = puzzle_vis;
			productName = puzzle_vis;
			productReference = 1FBE036526404B5C00B92141 /* puzzle_vis.app */;
			productType = "com.apple.product-type.application";
		};
/* End PBXNativeTarget section */

/* Begin PBXProject section */
		1FBE035D26404B5C00B92141 /* Project object */ = {
			isa = PBXProject;
			attributes = {
				LastSwiftUpdateCheck = 1130;
				LastUpgradeCheck = 1130;
				ORGANIZATIONNAME = "Thrynn Simonis";
				TargetAttributes = {
					1FBE036426404B5C00B92141 = {
						CreatedOnToolsVersion = 11.3.1;
					};
				};
			};
			buildConfigurationList = 1FBE036026404B5C00B92141 /* Build configuration list for PBXProject "puzzle_vis" */;
			compatibilityVersion = "Xcode 9.3";
			developmentRegion = en;
			hasScannedForEncodings = 0;
			knownRegions = (
				en,
				Base,
			);
			mainGroup = 1FBE035C26404B5C00B92141;
			productRefGroup = 1FBE036626404B5C00B92141 /* Products */;
			projectDirPath = "";
			projectRoot = "";
			targets = (
				1FBE036426404B5C00B92141 /* puzzle_vis */,
			);
		};
/* End PBXProject section */

/* Begin PBXResourcesBuildPhase section */
		1FBE036326404B5C00B92141 /* Resources */ = {
			isa = PBXResourcesBuildPhase;
			buildActionMask = 2147483647;
			files = (
				1FBE037526404B5E00B92141 /* LaunchScreen.storyboard in Resources */,
				1FBE037226404B5E00B92141 /* Assets.xcassets in Resources */,
				1FBE037026404B5C00B92141 /* Main.storyboard in Resources */,
			);
			runOnlyForDeploymentPostprocessing = 0;
		};
/* End PBXResourcesBuildPhase section */

/* Begin PBXSourcesBuildPhase section */
		1FBE036126404B5C00B92141 /* Sources */ = {
			isa = PBXSourcesBuildPhase;
			buildActionMask = 2147483647;
			files = (
				1FBE036D26404B5C00B92141 /* ViewController.swift in Sources */,
				1FBE036926404B5C00B92141 /* AppDelegate.swift in Sources */,
				1FBE036B26404B5C00B92141 /* SceneDelegate.swift in Sources */,
				1FBE037D26404BCC00B92141 /* ImageViewCVCell.swift in Sources */,
			);
			runOnlyForDeploymentPostprocessing = 0;
		};
/* End PBXSourcesBuildPhase section */

/* Begin PBXVariantGroup section */
		1FBE036E26404B5C00B92141 /* Main.storyboard */ = {
			isa = PBXVariantGroup;
			children = (
				1FBE036F26404B5C00B92141 /* Base */,
			);
			name = Main.storyboard;
			sourceTree = "<group>";
		};
		1FBE037326404B5E00B92141 /* LaunchScreen.storyboard */ = {
			isa = PBXVariantGroup;
			children = (
				1FBE037426404B5E00B92141 /* Base */,
			);
			name = LaunchScreen.storyboard;
			sourceTree = "<group>";
		};
/* End PBXVariantGroup section */

/* Begin XCBuildConfiguration section */
		1FBE037726404B5E00B92141 /* Debug */ = {
			isa = XCBuildConfiguration;
			buildSettings = {
				ALWAYS_SEARCH_USER_PATHS = NO;
				CLANG_ANALYZER_NONNULL = YES;
				CLANG_ANALYZER_NUMBER_OBJECT_CONVERSION = YES_AGGRESSIVE;
				CLANG_CXX_LANGUAGE_STANDARD = "gnu++14";
				CLANG_CXX_LIBRARY = "libc++";
				CLANG_ENABLE_MODULES = YES;
				CLANG_ENABLE_OBJC_ARC = YES;
				CLANG_ENABLE_OBJC_WEAK = YES;
				CLANG_WARN_BLOCK_CAPTURE_AUTORELEASING = YES;
				CLANG_WARN_BOOL_CONVERSION = YES;
				CLANG_WARN_COMMA = YES;
				CLANG_WARN_CONSTANT_CONVERSION = YES;
				CLANG_WARN_DEPRECATED_OBJC_IMPLEMENTATIONS = YES;
				CLANG_WARN_DIRECT_OBJC_ISA_USAGE = YES_ERROR;
				CLANG_WARN_DOCUMENTATION_COMMENTS = YES;
				CLANG_WARN_EMPTY_BODY = YES;
				CLANG_WARN_ENUM_CONVERSION = YES;
				CLANG_WARN_INFINITE_RECURSION = YES;
				CLANG_WARN_INT_CONVERSION = YES;
				CLANG_WARN_NON_LITERAL_NULL_CONVERSION = YES;
				CLANG_WARN_OBJC_IMPLICIT_RETAIN_SELF = YES;
				CLANG_WARN_OBJC_LITERAL_CONVERSION = YES;
				CLANG_WARN_OBJC_ROOT_CLASS = YES_ERROR;
				CLANG_WARN_RANGE_LOOP_ANALYSIS = YES;
				CLANG_WARN_STRICT_PROTOTYPES = YES;
				CLANG_WARN_SUSPICIOUS_MOVE = YES;
				CLANG_WARN_UNGUARDED_AVAILABILITY = YES_AGGRESSIVE;
				CLANG_WARN_UNREACHABLE_CODE = YES;
				CLANG_WARN__DUPLICATE_METHOD_MATCH = YES;
				COPY_PHASE_STRIP = NO;
				DEBUG_INFORMATION_FORMAT = dwarf;
				ENABLE_STRICT_OBJC_MSGSEND = YES;
				ENABLE_TESTABILITY = YES;
				GCC_C_LANGUAGE_STANDARD = gnu11;
				GCC_DYNAMIC_NO_PIC = NO;
				GCC_NO_COMMON_BLOCKS = YES;
				GCC_OPTIMIZATION_LEVEL = 0;
				GCC_PREPROCESSOR_DEFINITIONS = (
					"DEBUG=1",
					"$(inherited)",
				);
				GCC_WARN_64_TO_32_BIT_CONVERSION = YES;
				GCC_WARN_ABOUT_RETURN_TYPE = YES_ERROR;
				GCC_WARN_UNDECLARED_SELECTOR = YES;
				GCC_WARN_UNINITIALIZED_AUTOS = YES_AGGRESSIVE;
				GCC_WARN_UNUSED_FUNCTION = YES;
				GCC_WARN_UNUSED_VARIABLE = YES;
				IPHONEOS_DEPLOYMENT_TARGET = 13.2;
				MTL_ENABLE_DEBUG_INFO = INCLUDE_SOURCE;
				MTL_FAST_MATH = YES;
				ONLY_ACTIVE_ARCH = YES;
				SDKROOT = iphoneos;
				SWIFT_ACTIVE_COMPILATION_CONDITIONS = DEBUG;
				SWIFT_OPTIMIZATION_LEVEL = "-Onone";
			};
			name = Debug;
		};
		1FBE037826404B5E00B92141 /* Release */ = {
			isa = XCBuildConfiguration;
			buildSettings = {
				ALWAYS_SEARCH_USER_PATHS = NO;
				CLANG_ANALYZER_NONNULL = YES;
				CLANG_ANALYZER_NUMBER_OBJECT_CONVERSION = YES_AGGRESSIVE;
				CLANG_CXX_LANGUAGE_STANDARD = "gnu++14";
				CLANG_CXX_LIBRARY = "libc++";
				CLANG_ENABLE_MODULES = YES;
				CLANG_ENABLE_OBJC_ARC = YES;
				CLANG_ENABLE_OBJC_WEAK = YES;
				CLANG_WARN_BLOCK_CAPTURE_AUTORELEASING = YES;
				CLANG_WARN_BOOL_CONVERSION = YES;
				CLANG_WARN_COMMA = YES;
				CLANG_WARN_CONSTANT_CONVERSION = YES;
				CLANG_WARN_DEPRECATED_OBJC_IMPLEMENTATIONS = YES;
				CLANG_WARN_DIRECT_OBJC_ISA_USAGE = YES_ERROR;
				CLANG_WARN_DOCUMENTATION_COMMENTS = YES;
				CLANG_WARN_EMPTY_BODY = YES;
				CLANG_WARN_ENUM_CONVERSION = YES;
				CLANG_WARN_INFINITE_RECURSION = YES;
				CLANG_WARN_INT_CONVERSION = YES;
				CLANG_WARN_NON_LITERAL_NULL_CONVERSION = YES;
				CLANG_WARN_OBJC_IMPLICIT_RETAIN_SELF = YES;
				CLANG_WARN_OBJC_LITERAL_CONVERSION = YES;
				CLANG_WARN_OBJC_ROOT_CLASS = YES_ERROR;
				CLANG_WARN_RANGE_LOOP_ANALYSIS = YES;
				CLANG_WARN_STRICT_PROTOTYPES = YES;
				CLANG_WARN_SUSPICIOUS_MOVE = YES;
				CLANG_WARN_UNGUARDED_AVAILABILITY = YES_AGGRESSIVE;
				CLANG_WARN_UNREACHABLE_CODE = YES;
				CLANG_WARN__DUPLICATE_METHOD_MATCH = YES;
				COPY_PHASE_STRIP = NO;
				DEBUG_INFORMATION_FORMAT = "dwarf-with-dsym";
				ENABLE_NS_ASSERTIONS = NO;
				ENABLE_STRICT_OBJC_MSGSEND = YES;
				GCC_C_LANGUAGE_STANDARD = gnu11;
				GCC_NO_COMMON_BLOCKS = YES;
				GCC_WARN_64_TO_32_BIT_CONVERSION = YES;
				GCC_WARN_ABOUT_RETURN_TYPE = YES_ERROR;
				GCC_WARN_UNDECLARED_SELECTOR = YES;
				GCC_WARN_UNINITIALIZED_AUTOS = YES_AGGRESSIVE;
				GCC_WARN_UNUSED_FUNCTION = YES;
				GCC_WARN_UNUSED_VARIABLE = YES;
				IPHONEOS_DEPLOYMENT_TARGET = 13.2;
				MTL_ENABLE_DEBUG_INFO = NO;
				MTL_FAST_MATH = YES;
				SDKROOT = iphoneos;
				SWIFT_COMPILATION_MODE = wholemodule;
				SWIFT_OPTIMIZATION_LEVEL = "-O";
				VALIDATE_PRODUCT = YES;
			};
			name = Release;
		};
		1FBE037A26404B5E00B92141 /* Debug */ = {
			isa = XCBuildConfiguration;
			buildSettings = {
				ASSETCATALOG_COMPILER_APPICON_NAME = AppIcon;
				CODE_SIGN_STYLE = Automatic;
				INFOPLIST_FILE = puzzle_vis/Info.plist;
				LD_RUNPATH_SEARCH_PATHS = (
					"$(inherited)",
					"@executable_path/Frameworks",
				);
				PRODUCT_BUNDLE_IDENTIFIER = "tsimonis.puzzle-vis";
				PRODUCT_NAME = "$(TARGET_NAME)";
				SWIFT_VERSION = 5.0;
				TARGETED_DEVICE_FAMILY = "1,2";
			};
			name = Debug;
		};
		1FBE037B26404B5E00B92141 /* Release */ = {
			isa = XCBuildConfiguration;
			buildSettings = {
				ASSETCATALOG_COMPILER_APPICON_NAME = AppIcon;
				CODE_SIGN_STYLE = Automatic;
				INFOPLIST_FILE = puzzle_vis/Info.plist;
				LD_RUNPATH_SEARCH_PATHS = (
					"$(inherited)",
					"@executable_path/Frameworks",
				);
				PRODUCT_BUNDLE_IDENTIFIER = "tsimonis.puzzle-vis";
				PRODUCT_NAME = "$(TARGET_NAME)";
				SWIFT_VERSION = 5.0;
				TARGETED_DEVICE_FAMILY = "1,2";
			};
			name = Release;
		};
/* End XCBuildConfiguration section */

/* Begin XCConfigurationList section */
		1FBE036026404B5C00B92141 /* Build configuration list for PBXProject "puzzle_vis" */ = {
			isa = XCConfigurationList;
			buildConfigurations = (
				1FBE037726404B5E00B92141 /* Debug */,
				1FBE037826404B5E00B92141 /* Release */,
			);
			defaultConfigurationIsVisible = 0;
			defaultConfigurationName = Release;
		};
		1FBE037926404B5E00B92141 /* Build configuration list for PBXNativeTarget "puzzle_vis" */ = {
			isa = XCConfigurationList;
			buildConfigurations = (
				1FBE037A26404B5E00B92141 /* Debug */,
				1FBE037B26404B5E00B92141 /* Release */,
			);
			defaultConfigurationIsVisible = 0;
			defaultConfigurationName = Release;
		};
/* End XCConfigurationList section */
	};
	rootObject = 1FBE035D26404B5C00B92141 /* Project object */;
}
